
Microsoft Visual Studio Solution File, Format Version 12.00
# Visual Studio Version 17
VisualStudioVersion = 17.9.34723.18
MinimumVisualStudioVersion = 10.0.40219.1
Project("{8BC9CEB8-8B4A-11D0-8D11-00A0C91BC942}") = "OpenGL_Graphics_Engine_UWP", "source\OpenGL_Graphics_Engine_UWP.vcxproj", "{4317758C-CBAA-4312-A6F1-5F25E3484A67}"
EndProject
Global
	GlobalSection(SolutionConfigurationPlatforms) = preSolution
		Debug|ARM = Debug|ARM
		Debug|ARM64 = Debug|ARM64
		Debug|x64 = Debug|x64
		Debug|x86 = Debug|x86
		Release|ARM = Release|ARM
		Release|ARM64 = Release|ARM64
		Release|x64 = Release|x64
		Release|x86 = Release|x86
	EndGlobalSection
	GlobalSection(ProjectConfigurationPlatforms) = postSolution
		{4317758C-CBAA-4312-A6F1-5F25E3484A67}.Debug|ARM.ActiveCfg = Debug|ARM
		{4317758C-CBAA-4312-A6F1-5F25E3484A67}.Debug|ARM.Build.0 = Debug|ARM
		{4317758C-CBAA-4312-A6F1-5F25E3484A67}.Debug|ARM.Deploy.0 = Debug|ARM
		{4317758C-CBAA-4312-A6F1-5F25E3484A67}.Debug|ARM64.ActiveCfg = Debug|ARM64
		{4317758C-CBAA-4312-A6F1-5F25E3484A67}.Debug|ARM64.Build.0 = Debug|ARM64
		{4317758C-CBAA-4312-A6F1-5F25E3484A67}.Debug|ARM64.Deploy.0 = Debug|ARM64
		{4317758C-CBAA-4312-A6F1-5F25E3484A67}.Debug|x64.ActiveCfg = Debug|x64
		{4317758C-CBAA-4312-A6F1-5F25E3484A67}.Debug|x64.Build.0 = Debug|x64
		{4317758C-CBAA-4312-A6F1-5F25E3484A67}.Debug|x64.Deploy.0 = Debug|x64
		{4317758C-CBAA-4312-A6F1-5F25E3484A67}.Debug|x86.ActiveCfg = Debug|Win32
		{4317758C-CBAA-4312-A6F1-5F25E3484A67}.Debug|x86.Build.0 = Debug|Win32
		{4317758C-CBAA-4312-A6F1-5F25E3484A67}.Debug|x86.Deploy.0 = Debug|Win32
		{4317758C-CBAA-4312-A6F1-5F25E3484A67}.Release|ARM.ActiveCfg = Release|ARM
		{4317758C-CBAA-4312-A6F1-5F25E3484A67}.Release|ARM.Build.0 = Release|ARM
		{4317758C-CBAA-4312-A6F1-5F25E3484A67}.Release|ARM.Deploy.0 = Release|ARM
		{4317758C-CBAA-4312-A6F1-5F25E3484A67}.Release|ARM64.ActiveCfg = Release|ARM64
		{4317758C-CBAA-4312-A6F1-5F25E3484A67}.Release|ARM64.Build.0 = Release|ARM64
		{4317758C-CBAA-4312-A6F1-5F25E3484A67}.Release|ARM64.Deploy.0 = Release|ARM64
		{4317758C-CBAA-4312-A6F1-5F25E3484A67}.Release|x64.ActiveCfg = Release|x64
		{4317758C-CBAA-4312-A6F1-5F25E3484A67}.Release|x64.Build.0 = Release|x64
		{4317758C-CBAA-4312-A6F1-5F25E3484A67}.Release|x64.Deploy.0 = Release|x64
		{4317758C-CBAA-4312-A6F1-5F25E3484A67}.Release|x86.ActiveCfg = Release|Win32
		{4317758C-CBAA-4312-A6F1-5F25E3484A67}.Release|x86.Build.0 = Release|Win32
		{4317758C-CBAA-4312-A6F1-5F25E3484A67}.Release|x86.Deploy.0 = Release|Win32
	EndGlobalSection
	GlobalSection(SolutionProperties) = preSolution
		HideSolutionNode = FALSE
	EndGlobalSection
	GlobalSection(ExtensibilityGlobals) = postSolution
		SolutionGuid = {A3BE8395-3673-46F1-AEE1-FA75EF627E96}
	EndGlobalSection
EndGlobal
